
Microsoft Visual Studio Solution File, Format Version 11.00
# Visual Studio 2010
Project("{FAE04EC0-301F-11D3-BF4B-00C04F79EFBC}") = "XkcdClickDragDownloader", "XkcdClickDragDownloader\XkcdClickDragDownloader.csproj", "{B744A683-B86E-4D30-823C-92BCE24C7EF4}"
EndProject
Global
	GlobalSection(SolutionConfigurationPlatforms) = preSolution
		Debug|x86 = Debug|x86
		Release|x86 = Release|x86
	EndGlobalSection
	GlobalSection(ProjectConfigurationPlatforms) = postSolution
		{B744A683-B86E-4D30-823C-92BCE24C7EF4}.Debug|x86.ActiveCfg = Debug|x86
		{B744A683-B86E-4D30-823C-92BCE24C7EF4}.Debug|x86.Build.0 = Debug|x86
		{B744A683-B86E-4D30-823C-92BCE24C7EF4}.Release|x86.ActiveCfg = Release|x86
		{B744A683-B86E-4D30-823C-92BCE24C7EF4}.Release|x86.Build.0 = Release|x86
	EndGlobalSection
	GlobalSection(SolutionProperties) = preSolution
		HideSolutionNode = FALSE
	EndGlobalSection
EndGlobal
